lockfileVersion: '9.0'

settings:
  autoInstallPeers: true
  excludeLinksFromLockfile: false

importers:

  .: {}

  packages/codescythe:
    optionalDependencies:
      '@perplexity/codescythe-darwin-arm64':
        specifier: workspace:*
        version: link:../codescythe-darwin-arm64
      '@perplexity/codescythe-linux-amd64':
        specifier: workspace:*
        version: link:../codescythe-linux-amd64
      '@perplexity/codescythe-linux-arm64':
        specifier: workspace:*
        version: link:../codescythe-linux-arm64

  packages/codescythe-darwin-arm64: {}

  packages/codescythe-linux-amd64: {}

  packages/codescythe-linux-arm64: {}
